
Microsoft Visual Studio Solution File, Format Version 12.00
# Visual Studio Version 17
VisualStudioVersion = 17.14.35821.62 d17.14
MinimumVisualStudioVersion = 10.0.40219.1
Project("{FAE04EC0-301F-11D3-BF4B-00C04F79EFBC}") = "Local_Rag_Web", "Local_Rag_Web\Local_Rag_Web.csproj", "{5A3AD94C-E7B3-4962-AC4C-618B83962A6D}"
EndProject
Global
	GlobalSection(SolutionConfigurationPlatforms) = preSolution
		Debug|Any CPU = Debug|Any CPU
		Release|Any CPU = Release|Any CPU
	EndGlobalSection
	GlobalSection(ProjectConfigurationPlatforms) = postSolution
		{5A3AD94C-E7B3-4962-AC4C-618B83962A6D}.Debug|Any CPU.ActiveCfg = Debug|Any CPU
		{5A3AD94C-E7B3-4962-AC4C-618B83962A6D}.Debug|Any CPU.Build.0 = Debug|Any CPU
		{5A3AD94C-E7B3-4962-AC4C-618B83962A6D}.Release|Any CPU.ActiveCfg = Release|Any CPU
		{5A3AD94C-E7B3-4962-AC4C-618B83962A6D}.Release|Any CPU.Build.0 = Release|Any CPU
	EndGlobalSection
	GlobalSection(SolutionProperties) = preSolution
		HideSolutionNode = FALSE
	EndGlobalSection
	GlobalSection(ExtensibilityGlobals) = postSolution
		SolutionGuid = {8B028DFF-F1E1-40E0-A026-A41DB90311F0}
	EndGlobalSection
EndGlobal
